Microsoft Visual Studio Solution File, Format Version 12.00
# Visual Studio Version 17
VisualStudioVersion = 17.13.35931.197
MinimumVisualStudioVersion = 10.0.40219.1
Project("{FAE04EC0-301F-11D3-BF4B-00C04F79EFBC}") = "BankAccountingSystem", "BankAccountingSystem.csproj", "{6C5F1F71-A8E9-4A1D-BD10-434B7CD94047}"
EndProject
Global
	GlobalSection(SolutionConfigurationPlatforms) = preSolution
		Debug|Any CPU = Debug|Any CPU
		Release|Any CPU = Release|Any CPU
	EndGlobalSection
	GlobalSection(ProjectConfigurationPlatforms) = postSolution
		{6C5F1F71-A8E9-4A1D-BD10-434B7CD94047}.Debug|Any CPU.ActiveCfg = Debug|Any CPU
		{6C5F1F71-A8E9-4A1D-BD10-434B7CD94047}.Debug|Any CPU.Build.0 = Debug|Any CPU
		{6C5F1F71-A8E9-4A1D-BD10-434B7CD94047}.Release|Any CPU.ActiveCfg = Release|Any CPU
		{6C5F1F71-A8E9-4A1D-BD10-434B7CD94047}.Release|Any CPU.Build.0 = Release|Any CPU
	EndGlobalSection
	GlobalSection(SolutionProperties) = preSolution
		HideSolutionNode = FALSE
	EndGlobalSection
	GlobalSection(ExtensibilityGlobals) = postSolution
		SolutionGuid = {DC63237A-DE60-453B-8CFF-7555840D6E85}
	EndGlobalSection
EndGlobal
